PODS:
  - FlutterMacOS (1.0.0)
  - media_kit_video (0.0.1):
    - FlutterMacOS

DEPENDENCIES:
  - FlutterMacOS (from `Flutter/ephemeral`)
  - media_kit_video (from `Flutter/ephemeral/.symlinks/plugins/media_kit_video/macos`)

EXTERNAL SOURCES:
  FlutterMacOS:
    :path: Flutter/ephemeral
  media_kit_video:
    :path: Flutter/ephemeral/.symlinks/plugins/media_kit_video/macos

SPEC CHECKSUMS:
  FlutterMacOS: c232990155153907050900a2e175c7773903ba4e
  media_kit_video: 28d7d27611c7769a2464eb7621c37386a61dcc9a

PODFILE CHECKSUM: c9612ae2f009da3ec2525e73dc677c3f2e808a9a

COCOAPODS: 1.16.2
